// !$*UTF8*$!
{
	archiveVersion = 1;
	classes = {
	};
	objectVersion = 46;
	objects = {

/* Begin PBXBuildFile section */
		FC26550018B912F7006441D5 /* pling.mp3 in Resources */ = {isa = PBXBuildFile; fileRef = FC2654FF18B912F7006441D5 /* pling.mp3 */; };
		FCBBA3DD18B7A69900351148 /* Foundation.framework in Frameworks */ = {isa = PBXBuildFile; fileRef = FCBBA3DC18B7A69900351148 /* Foundation.framework */; };
		FCBBA3DF18B7A69900351148 /* CoreGraphics.framework in Frameworks */ = {isa = PBXBuildFile; fileRef = FCBBA3DE18B7A69900351148 /* CoreGraphics.framework */; };
		FCBBA3E118B7A69900351148 /* UIKit.framework in Frameworks */ = {isa = PBXBuildFile; fileRef = FCBBA3E018B7A69900351148 /* UIKit.framework */; };
		FCBBA3E318B7A69900351148 /* SpriteKit.framework in Frameworks */ = {isa = PBXBuildFile; fileRef = FCBBA3E218B7A69900351148 /* SpriteKit.framework */; };
		FCBBA3E918B7A69900351148 /* InfoPlist.strings in Resources */ = {isa = PBXBuildFile; fileRef = FCBBA3E718B7A69900351148 /* InfoPlist.strings */; };
		FCBBA3EB18B7A69900351148 /* main.m in Sources */ = {isa = PBXBuildFile; fileRef = FCBBA3EA18B7A69900351148 /* main.m */; };
		FCBBA3EF18B7A69900351148 /* AppDelegate.m in Sources */ = {isa = PBXBuildFile; fileRef = FCBBA3EE18B7A69900351148 /* AppDelegate.m */; };
		FCBBA3F218B7A69900351148 /* Main.storyboard in Resources */ = {isa = PBXBuildFile; fileRef = FCBBA3F018B7A69900351148 /* Main.storyboard */; };
		FCBBA3F518B7A69900351148 /* ViewController.m in Sources */ = {isa = PBXBuildFile; fileRef = FCBBA3F418B7A69900351148 /* ViewController.m */; };
		FCBBA3F818B7A69900351148 /* MyScene.m in Sources */ = {isa = PBXBuildFile; fileRef = FCBBA3F718B7A69900351148 /* MyScene.m */; };
		FCBBA3FA18B7A69900351148 /* Spaceship.png in Resources */ = {isa = PBXBuildFile; fileRef = FCBBA3F918B7A69900351148 /* Spaceship.png */; };
		FCBBA3FC18B7A69900351148 /* Images.xcassets in Resources */ = {isa = PBXBuildFile; fileRef = FCBBA3FB18B7A69900351148 /* Images.xcassets */; };
		FCBBA40318B7A69A00351148 /* XCTest.framework in Frameworks */ = {isa = PBXBuildFile; fileRef = FCBBA40218B7A69A00351148 /* XCTest.framework */; };
		FCBBA40418B7A69A00351148 /* Foundation.framework in Frameworks */ = {isa = PBXBuildFile; fileRef = FCBBA3DC18B7A69900351148 /* Foundation.framework */; };
		FCBBA40518B7A69A00351148 /* UIKit.framework in Frameworks */ = {isa = PBXBuildFile; fileRef = FCBBA3E018B7A69900351148 /* UIKit.framework */; };
		FCBBA40D18B7A69A00351148 /* InfoPlist.strings in Resources */ = {isa = PBXBuildFile; fileRef = FCBBA40B18B7A69A00351148 /* InfoPlist.strings */; };
		FCBBA40F18B7A69A00351148 /* NSFastEnumeration_Example__For_LoopTests.m in Sources */ = {isa = PBXBuildFile; fileRef = FCBBA40E18B7A69A00351148 /* NSFastEnumeration_Example__For_LoopTests.m */; };
/* End PBXBuildFile section */

/* Begin PBXContainerItemProxy section */
		FCBBA40618B7A69A00351148 /* PBXContainerItemProxy */ = {
			isa = PBXContainerItemProxy;
			containerPortal = FCBBA3D118B7A69900351148 /* Project object */;
			proxyType = 1;
			remoteGlobalIDString = FCBBA3D818B7A69900351148;
			remoteInfo = "NSFastEnumeration Example  For Loop";
		};
/* End PBXContainerItemProxy section */

/* Begin PBXFileReference section */
		FC2654FF18B912F7006441D5 /* pling.mp3 */ = {isa = PBXFileReference; lastKnownFileType = audio.mp3; path = pling.mp3; sourceTree = "<group>"; };
		FCBBA3D918B7A69900351148 /* NSFastEnumeration Example  For Loop.app */ = {isa = PBXFileReference; explicitFileType = wrapper.application; includeInIndex = 0; path = "NSFastEnumeration Example  For Loop.app"; sourceTree = BUILT_PRODUCTS_DIR; };
		FCBBA3DC18B7A69900351148 /* Foundation.framework */ = {isa = PBXFileReference; lastKnownFileType = wrapper.framework; name = Foundation.framework; path = System/Library/Frameworks/Foundation.framework; sourceTree = SDKROOT; };
		FCBBA3DE18B7A69900351148 /* CoreGraphics.framework */ = {isa = PBXFileReference; lastKnownFileType = wrapper.framework; name = CoreGraphics.framework; path = System/Library/Frameworks/CoreGraphics.framework; sourceTree = SDKROOT; };
		FCBBA3E018B7A69900351148 /* UIKit.framework */ = {isa = PBXFileReference; lastKnownFileType = wrapper.framework; name = UIKit.framework; path = System/Library/Frameworks/UIKit.framework; sourceTree = SDKROOT; };
		FCBBA3E218B7A69900351148 /* SpriteKit.framework */ = {isa = PBXFileReference; lastKnownFileType = wrapper.framework; name = SpriteKit.framework; path = System/Library/Frameworks/SpriteKit.framework; sourceTree = SDKROOT; };
		FCBBA3E618B7A69900351148 /* NSFastEnumeration Example  For Loop-Info.plist */ = {isa = PBXFileReference; lastKnownFileType = text.plist.xml; path = "NSFastEnumeration Example  For Loop-Info.plist"; sourceTree = "<group>"; };
		FCBBA3E818B7A69900351148 /* en */ = {isa = PBXFileReference; lastKnownFileType = text.plist.strings; name = en; path = en.lproj/InfoPlist.strings; sourceTree = "<group>"; };
		FCBBA3EA18B7A69900351148 /* main.m */ = {isa = PBXFileReference; lastKnownFileType = sourcecode.c.objc; path = main.m; sourceTree = "<group>"; };
		FCBBA3EC18B7A69900351148 /* NSFastEnumeration Example  For Loop-Prefix.pch */ = {isa = PBXFileReference; lastKnownFileType = sourcecode.c.h; path = "NSFastEnumeration Example  For Loop-Prefix.pch"; sourceTree = "<group>"; };
		FCBBA3ED18B7A69900351148 /* AppDelegate.h */ = {isa = PBXFileReference; lastKnownFileType = sourcecode.c.h; path = AppDelegate.h; sourceTree = "<group>"; };
		FCBBA3EE18B7A69900351148 /* AppDelegate.m */ = {isa = PBXFileReference; lastKnownFileType = sourcecode.c.objc; path = AppDelegate.m; sourceTree = "<group>"; };
		FCBBA3F118B7A69900351148 /* Base */ = {isa = PBXFileReference; lastKnownFileType = file.storyboard; name = Base; path = Base.lproj/Main.storyboard; sourceTree = "<group>"; };
		FCBBA3F318B7A69900351148 /* ViewController.h */ = {isa = PBXFileReference; lastKnownFileType = sourcecode.c.h; path = ViewController.h; sourceTree = "<group>"; };
		FCBBA3F418B7A69900351148 /* ViewController.m */ = {isa = PBXFileReference; lastKnownFileType = sourcecode.c.objc; path = ViewController.m; sourceTree = "<group>"; };
		FCBBA3F618B7A69900351148 /* MyScene.h */ = {isa = PBXFileReference; lastKnownFileType = sourcecode.c.h; path = MyScene.h; sourceTree = "<group>"; };
		FCBBA3F718B7A69900351148 /* MyScene.m */ = {isa = PBXFileReference; lastKnownFileType = sourcecode.c.objc; path = MyScene.m; sourceTree = "<group>"; };
		FCBBA3F918B7A69900351148 /* Spaceship.png */ = {isa = PBXFileReference; lastKnownFileType = image.png; path = Spaceship.png; sourceTree = "<group>"; };
		FCBBA3FB18B7A69900351148 /* Images.xcassets */ = {isa = PBXFileReference; lastKnownFileType = folder.assetcatalog; path = Images.xcassets; sourceTree = "<group>"; };
		FCBBA40118B7A69A00351148 /* NSFastEnumeration Example  For LoopTests.xctest */ = {isa = PBXFileReference; explicitFileType = wrapper.cfbundle; includeInIndex = 0; path = "NSFastEnumeration Example  For LoopTests.xctest"; sourceTree = BUILT_PRODUCTS_DIR; };
		FCBBA40218B7A69A00351148 /* XCTest.framework */ = {isa = PBXFileReference; lastKnownFileType = wrapper.framework; name = XCTest.framework; path = Library/Frameworks/XCTest.framework; sourceTree = DEVELOPER_DIR; };
		FCBBA40A18B7A69A00351148 /* NSFastEnumeration Example  For LoopTests-Info.plist */ = {isa = PBXFileReference; lastKnownFileType = text.plist.xml; path = "NSFastEnumeration Example  For LoopTests-Info.plist"; sourceTree = "<group>"; };
		FCBBA40C18B7A69A00351148 /* en */ = {isa = PBXFileReference; lastKnownFileType = text.plist.strings; name = en; path = en.lproj/InfoPlist.strings; sourceTree = "<group>"; };
		FCBBA40E18B7A69A00351148 /* NSFastEnumeration_Example__For_LoopTests.m */ = {isa = PBXFileReference; lastKnownFileType = sourcecode.c.objc; path = NSFastEnumeration_Example__For_LoopTests.m; sourceTree = "<group>"; };
/* End PBXFileReference section */

/* Begin PBXFrameworksBuildPhase section */
		FCBBA3D618B7A69900351148 /* Frameworks */ = {
			isa = PBXFrameworksBuildPhase;
			buildActionMask = 2147483647;
			files = (
				FCBBA3DF18B7A69900351148 /* CoreGraphics.framework in Frameworks */,
				FCBBA3E118B7A69900351148 /* UIKit.framework in Frameworks */,
				FCBBA3E318B7A69900351148 /* SpriteKit.framework in Frameworks */,
				FCBBA3DD18B7A69900351148 /* Foundation.framework in Frameworks */,
			);
			runOnlyForDeploymentPostprocessing = 0;
		};
		FCBBA3FE18B7A69A00351148 /* Frameworks */ = {
			isa = PBXFrameworksBuildPhase;
			buildActionMask = 2147483647;
			files = (
				FCBBA40318B7A69A00351148 /* XCTest.framework in Frameworks */,
				FCBBA40518B7A69A00351148 /* UIKit.framework in Frameworks */,
				FCBBA40418B7A69A00351148 /* Foundation.framework in Frameworks */,
			);
			runOnlyForDeploymentPostprocessing = 0;
		};
/* End PBXFrameworksBuildPhase section */

/* Begin PBXGroup section */
		FCBBA3D018B7A69900351148 = {
			isa = PBXGroup;
			children = (
				FCBBA3E418B7A69900351148 /* NSFastEnumeration Example  For Loop */,
				FCBBA40818B7A69A00351148 /* NSFastEnumeration Example  For LoopTests */,
				FCBBA3DB18B7A69900351148 /* Frameworks */,
				FCBBA3DA18B7A69900351148 /* Products */,
			);
			sourceTree = "<group>";
		};
		FCBBA3DA18B7A69900351148 /* Products */ = {
			isa = PBXGroup;
			children = (
				FCBBA3D918B7A69900351148 /* NSFastEnumeration Example  For Loop.app */,
				FCBBA40118B7A69A00351148 /* NSFastEnumeration Example  For LoopTests.xctest */,
			);
			name = Products;
			sourceTree = "<group>";
		};
		FCBBA3DB18B7A69900351148 /* Frameworks */ = {
			isa = PBXGroup;
			children = (
				FCBBA3DC18B7A69900351148 /* Foundation.framework */,
				FCBBA3DE18B7A69900351148 /* CoreGraphics.framework */,
				FCBBA3E018B7A69900351148 /* UIKit.framework */,
				FCBBA3E218B7A69900351148 /* SpriteKit.framework */,
				FCBBA40218B7A69A00351148 /* XCTest.framework */,
			);
			name = Frameworks;
			sourceTree = "<group>";
		};
		FCBBA3E418B7A69900351148 /* NSFastEnumeration Example  For Loop */ = {
			isa = PBXGroup;
			children = (
				FCBBA3ED18B7A69900351148 /* AppDelegate.h */,
				FCBBA3EE18B7A69900351148 /* AppDelegate.m */,
				FCBBA3F018B7A69900351148 /* Main.storyboard */,
				FCBBA3F318B7A69900351148 /* ViewController.h */,
				FCBBA3F418B7A69900351148 /* ViewController.m */,
				FCBBA3F618B7A69900351148 /* MyScene.h */,
				FCBBA3F718B7A69900351148 /* MyScene.m */,
				FCBBA3F918B7A69900351148 /* Spaceship.png */,
				FCBBA3FB18B7A69900351148 /* Images.xcassets */,
				FC2654FF18B912F7006441D5 /* pling.mp3 */,
				FCBBA3E518B7A69900351148 /* Supporting Files */,
			);
			path = "NSFastEnumeration Example  For Loop";
			sourceTree = "<group>";
		};
		FCBBA3E518B7A69900351148 /* Supporting Files */ = {
			isa = PBXGroup;
			children = (
				FCBBA3E618B7A69900351148 /* NSFastEnumeration Example  For Loop-Info.plist */,
				FCBBA3E718B7A69900351148 /* InfoPlist.strings */,
				FCBBA3EA18B7A69900351148 /* main.m */,
				FCBBA3EC18B7A69900351148 /* NSFastEnumeration Example  For Loop-Prefix.pch */,
			);
			name = "Supporting Files";
			sourceTree = "<group>";
		};
		FCBBA40818B7A69A00351148 /* NSFastEnumeration Example  For LoopTests */ = {
			isa = PBXGroup;
			children = (
				FCBBA40E18B7A69A00351148 /* NSFastEnumeration_Example__For_LoopTests.m */,
				FCBBA40918B7A69A00351148 /* Supporting Files */,
			);
			path = "NSFastEnumeration Example  For LoopTests";
			sourceTree = "<group>";
		};
		FCBBA40918B7A69A00351148 /* Supporting Files */ = {
			isa = PBXGroup;
			children = (
				FCBBA40A18B7A69A00351148 /* NSFastEnumeration Example  For LoopTests-Info.plist */,
				FCBBA40B18B7A69A00351148 /* InfoPlist.strings */,
			);
			name = "Supporting Files";
			sourceTree = "<group>";
		};
/* End PBXGroup section */

/* Begin PBXNativeTarget section */
		FCBBA3D818B7A69900351148 /* NSFastEnumeration Example  For Loop */ = {
			isa = PBXNativeTarget;
			buildConfigurationList = FCBBA41218B7A69A00351148 /* Build configuration list for PBXNativeTarget "NSFastEnumeration Example  For Loop" */;
			buildPhases = (
				FCBBA3D518B7A69900351148 /* Sources */,
				FCBBA3D618B7A69900351148 /* Frameworks */,
				FCBBA3D718B7A69900351148 /* Resources */,
			);
			buildRules = (
			);
			dependencies = (
			);
			name = "NSFastEnumeration Example  For Loop";
			productName = "NSFastEnumeration Example  For Loop";
			productReference = FCBBA3D918B7A69900351148 /* NSFastEnumeration Example  For Loop.app */;
			productType = "com.apple.product-type.application";
		};
		FCBBA40018B7A69A00351148 /* NSFastEnumeration Example  For LoopTests */ = {
			isa = PBXNativeTarget;
			buildConfigurationList = FCBBA41518B7A69A00351148 /* Build configuration list for PBXNativeTarget "NSFastEnumeration Example  For LoopTests" */;
			buildPhases = (
				FCBBA3FD18B7A69A00351148 /* Sources */,
				FCBBA3FE18B7A69A00351148 /* Frameworks */,
				FCBBA3FF18B7A69A00351148 /* Resources */,
			);
			buildRules = (
			);
			dependencies = (
				FCBBA40718B7A69A00351148 /* PBXTargetDependency */,
			);
			name = "NSFastEnumeration Example  For LoopTests";
			productName = "NSFastEnumeration Example  For LoopTests";
			productReference = FCBBA40118B7A69A00351148 /* NSFastEnumeration Example  For LoopTests.xctest */;
			productType = "com.apple.product-type.bundle.unit-test";
		};
/* End PBXNativeTarget section */

/* Begin PBXProject section */
		FCBBA3D118B7A69900351148 /* Project object */ = {
			isa = PBXProject;
			attributes = {
				LastUpgradeCheck = 0500;
				ORGANIZATIONNAME = Yury;
				TargetAttributes = {
					FCBBA40018B7A69A00351148 = {
						TestTargetID = FCBBA3D818B7A69900351148;
					};
				};
			};
			buildConfigurationList = FCBBA3D418B7A69900351148 /* Build configuration list for PBXProject "NSFastEnumeration Example  For Loop" */;
			compatibilityVersion = "Xcode 3.2";
			developmentRegion = English;
			hasScannedForEncodings = 0;
			knownRegions = (
				en,
				Base,
			);
			mainGroup = FCBBA3D018B7A69900351148;
			productRefGroup = FCBBA3DA18B7A69900351148 /* Products */;
			projectDirPath = "";
			projectRoot = "";
			targets = (
				FCBBA3D818B7A69900351148 /* NSFastEnumeration Example  For Loop */,
				FCBBA40018B7A69A00351148 /* NSFastEnumeration Example  For LoopTests */,
			);
		};
/* End PBXProject section */

/* Begin PBXResourcesBuildPhase section */
		FCBBA3D718B7A69900351148 /* Resources */ = {
			isa = PBXResourcesBuildPhase;
			buildActionMask = 2147483647;
			files = (
				FCBBA3E918B7A69900351148 /* InfoPlist.strings in Resources */,
				FCBBA3FC18B7A69900351148 /* Images.xcassets in Resources */,
				FCBBA3FA18B7A69900351148 /* Spaceship.png in Resources */,
				FC26550018B912F7006441D5 /* pling.mp3 in Resources */,
				FCBBA3F218B7A69900351148 /* Main.storyboard in Resources */,
			);
			runOnlyForDeploymentPostprocessing = 0;
		};
		FCBBA3FF18B7A69A00351148 /* Resources */ = {
			isa = PBXResourcesBuildPhase;
			buildActionMask = 2147483647;
			files = (
				FCBBA40D18B7A69A00351148 /* InfoPlist.strings in Resources */,
			);
			runOnlyForDeploymentPostprocessing = 0;
		};
/* End PBXResourcesBuildPhase section */

/* Begin PBXSourcesBuildPhase section */
		FCBBA3D518B7A69900351148 /* Sources */ = {
			isa = PBXSourcesBuildPhase;
			buildActionMask = 2147483647;
			files = (
				FCBBA3F818B7A69900351148 /* MyScene.m in Sources */,
				FCBBA3F518B7A69900351148 /* ViewController.m in Sources */,
				FCBBA3EF18B7A69900351148 /* AppDelegate.m in Sources */,
				FCBBA3EB18B7A69900351148 /* main.m in Sources */,
			);
			runOnlyForDeploymentPostprocessing = 0;
		};
		FCBBA3FD18B7A69A00351148 /* Sources */ = {
			isa = PBXSourcesBuildPhase;
			buildActionMask = 2147483647;
			files = (
				FCBBA40F18B7A69A00351148 /* NSFastEnumeration_Example__For_LoopTests.m in Sources */,
			);
			runOnlyForDeploymentPostprocessing = 0;
		};
/* End PBXSourcesBuildPhase section */

/* Begin PBXTargetDependency section */
		FCBBA40718B7A69A00351148 /* PBXTargetDependency */ = {
			isa = PBXTargetDependency;
			target = FCBBA3D818B7A69900351148 /* NSFastEnumeration Example  For Loop */;
			targetProxy = FCBBA40618B7A69A00351148 /* PBXContainerItemProxy */;
		};
/* End PBXTargetDependency section */

/* Begin PBXVariantGroup section */
		FCBBA3E718B7A69900351148 /* InfoPlist.strings */ = {
			isa = PBXVariantGroup;
			children = (
				FCBBA3E818B7A69900351148 /* en */,
			);
			name = InfoPlist.strings;
			sourceTree = "<group>";
		};
		FCBBA3F018B7A69900351148 /* Main.storyboard */ = {
			isa = PBXVariantGroup;
			children = (
				FCBBA3F118B7A69900351148 /* Base */,
			);
			name = Main.storyboard;
			sourceTree = "<group>";
		};
		FCBBA40B18B7A69A00351148 /* InfoPlist.strings */ = {
			isa = PBXVariantGroup;
			children = (
				FCBBA40C18B7A69A00351148 /* en */,
			);
			name = InfoPlist.strings;
			sourceTree = "<group>";
		};
/* End PBXVariantGroup section */

/* Begin XCBuildConfiguration section */
		FCBBA41018B7A69A00351148 /* Debug */ = {
			isa = XCBuildConfiguration;
			buildSettings = {
				ALWAYS_SEARCH_USER_PATHS = NO;
				ARCHS = "$(ARCHS_STANDARD_INCLUDING_64_BIT)";
				CLANG_CXX_LANGUAGE_STANDARD = "gnu++0x";
				CLANG_CXX_LIBRARY = "libc++";
				CLANG_ENABLE_MODULES = YES;
				CLANG_ENABLE_OBJC_ARC = YES;
				CLANG_WARN_BOOL_CONVERSION = YES;
				CLANG_WARN_CONSTANT_CONVERSION = YES;
				CLANG_WARN_DIRECT_OBJC_ISA_USAGE = YES_ERROR;
				CLANG_WARN_EMPTY_BODY = YES;
				CLANG_WARN_ENUM_CONVERSION = YES;
				CLANG_WARN_INT_CONVERSION = YES;
				CLANG_WARN_OBJC_ROOT_CLASS = YES_ERROR;
				CLANG_WARN__DUPLICATE_METHOD_MATCH = YES;
				"CODE_SIGN_IDENTITY[sdk=iphoneos*]" = "iPhone Developer";
				COPY_PHASE_STRIP = NO;
				GCC_C_LANGUAGE_STANDARD = gnu99;
				GCC_DYNAMIC_NO_PIC = NO;
				GCC_OPTIMIZATION_LEVEL = 0;
				GCC_PREPROCESSOR_DEFINITIONS = (
					"DEBUG=1",
					"$(inherited)",
				);
				GCC_SYMBOLS_PRIVATE_EXTERN = NO;
				GCC_WARN_64_TO_32_BIT_CONVERSION = YES;
				GCC_WARN_ABOUT_RETURN_TYPE = YES_ERROR;
				GCC_WARN_UNDECLARED_SELECTOR = YES;
				GCC_WARN_UNINITIALIZED_AUTOS = YES;
				GCC_WARN_UNUSED_FUNCTION = YES;
				GCC_WARN_UNUSED_VARIABLE = YES;
				IPHONEOS_DEPLOYMENT_TARGET = 7.0;
				ONLY_ACTIVE_ARCH = YES;
				SDKROOT = iphoneos;
			};
			name = Debug;
		};
		FCBBA41118B7A69A00351148 /* Release */ = {
			isa = XCBuildConfiguration;
			buildSettings = {
				ALWAYS_SEARCH_USER_PATHS = NO;
				ARCHS = "$(ARCHS_STANDARD_INCLUDING_64_BIT)";
				CLANG_CXX_LANGUAGE_STANDARD = "gnu++0x";
				CLANG_CXX_LIBRARY = "libc++";
				CLANG_ENABLE_MODULES = YES;
				CLANG_ENABLE_OBJC_ARC = YES;
				CLANG_WARN_BOOL_CONVERSION = YES;
				CLANG_WARN_CONSTANT_CONVERSION = YES;
				CLANG_WARN_DIRECT_OBJC_ISA_USAGE = YES_ERROR;
				CLANG_WARN_EMPTY_BODY = YES;
				CLANG_WARN_ENUM_CONVERSION = YES;
				CLANG_WARN_INT_CONVERSION = YES;
				CLANG_WARN_OBJC_ROOT_CLASS = YES_ERROR;
				CLANG_WARN__DUPLICATE_METHOD_MATCH = YES;
				"CODE_SIGN_IDENTITY[sdk=iphoneos*]" = "iPhone Developer";
				COPY_PHASE_STRIP = YES;
				ENABLE_NS_ASSERTIONS = NO;
				GCC_C_LANGUAGE_STANDARD = gnu99;
				GCC_WARN_64_TO_32_BIT_CONVERSION = YES;
				GCC_WARN_ABOUT_RETURN_TYPE = YES_ERROR;
				GCC_WARN_UNDECLARED_SELECTOR = YES;
				GCC_WARN_UNINITIALIZED_AUTOS = YES;
				GCC_WARN_UNUSED_FUNCTION = YES;
				GCC_WARN_UNUSED_VARIABLE = YES;
				IPHONEOS_DEPLOYMENT_TARGET = 7.0;
				SDKROOT = iphoneos;
				VALIDATE_PRODUCT = YES;
			};
			name = Release;
		};
		FCBBA41318B7A69A00351148 /* Debug */ = {
			isa = XCBuildConfiguration;
			buildSettings = {
				ASSETCATALOG_COMPILER_APPICON_NAME = AppIcon;
				ASSETCATALOG_COMPILER_LAUNCHIMAGE_NAME = LaunchImage;
				GCC_PRECOMPILE_PREFIX_HEADER = YES;
				GCC_PREFIX_HEADER = "NSFastEnumeration Example  For Loop/NSFastEnumeration Example  For Loop-Prefix.pch";
				INFOPLIST_FILE = "NSFastEnumeration Example  For Loop/NSFastEnumeration Example  For Loop-Info.plist";
				PRODUCT_NAME = "$(TARGET_NAME)";
				SPRITEKIT_TEXTURE_ATLAS_OUTPUT = YES;
				WRAPPER_EXTENSION = app;
			};
			name = Debug;
		};
		FCBBA41418B7A69A00351148 /* Release */ = {
			isa = XCBuildConfiguration;
			buildSettings = {
				ASSETCATALOG_COMPILER_APPICON_NAME = AppIcon;
				ASSETCATALOG_COMPILER_LAUNCHIMAGE_NAME = LaunchImage;
				GCC_PRECOMPILE_PREFIX_HEADER = YES;
				GCC_PREFIX_HEADER = "NSFastEnumeration Example  For Loop/NSFastEnumeration Example  For Loop-Prefix.pch";
				INFOPLIST_FILE = "NSFastEnumeration Example  For Loop/NSFastEnumeration Example  For Loop-Info.plist";
				PRODUCT_NAME = "$(TARGET_NAME)";
				SPRITEKIT_TEXTURE_ATLAS_OUTPUT = YES;
				WRAPPER_EXTENSION = app;
			};
			name = Release;
		};
		FCBBA41618B7A69A00351148 /* Debug */ = {
			isa = XCBuildConfiguration;
			buildSettings = {
				ARCHS = "$(ARCHS_STANDARD_INCLUDING_64_BIT)";
				BUNDLE_LOADER = "$(BUILT_PRODUCTS_DIR)/NSFastEnumeration Example  For Loop.app/NSFastEnumeration Example  For Loop";
				FRAMEWORK_SEARCH_PATHS = (
					"$(SDKROOT)/Developer/Library/Frameworks",
					"$(inherited)",
					"$(DEVELOPER_FRAMEWORKS_DIR)",
				);
				GCC_PRECOMPILE_PREFIX_HEADER = YES;
				GCC_PREFIX_HEADER = "NSFastEnumeration Example  For Loop/NSFastEnumeration Example  For Loop-Prefix.pch";
				GCC_PREPROCESSOR_DEFINITIONS = (
					"DEBUG=1",
					"$(inherited)",
				);
				INFOPLIST_FILE = "NSFastEnumeration Example  For LoopTests/NSFastEnumeration Example  For LoopTests-Info.plist";
				PRODUCT_NAME = "$(TARGET_NAME)";
				TEST_HOST = "$(BUNDLE_LOADER)";
				WRAPPER_EXTENSION = xctest;
			};
			name = Debug;
		};
		FCBBA41718B7A69A00351148 /* Release */ = {
			isa = XCBuildConfiguration;
			buildSettings = {
				ARCHS = "$(ARCHS_STANDARD_INCLUDING_64_BIT)";
				BUNDLE_LOADER = "$(BUILT_PRODUCTS_DIR)/NSFastEnumeration Example  For Loop.app/NSFastEnumeration Example  For Loop";
				FRAMEWORK_SEARCH_PATHS = (
					"$(SDKROOT)/Developer/Library/Frameworks",
					"$(inherited)",
					"$(DEVELOPER_FRAMEWORKS_DIR)",
				);
				GCC_PRECOMPILE_PREFIX_HEADER = YES;
				GCC_PREFIX_HEADER = "NSFastEnumeration Example  For Loop/NSFastEnumeration Example  For Loop-Prefix.pch";
				INFOPLIST_FILE = "NSFastEnumeration Example  For LoopTests/NSFastEnumeration Example  For LoopTests-Info.plist";
				PRODUCT_NAME = "$(TARGET_NAME)";
				TEST_HOST = "$(BUNDLE_LOADER)";
				WRAPPER_EXTENSION = xctest;
			};
			name = Release;
		};
/* End XCBuildConfiguration section */

/* Begin XCConfigurationList section */
		FCBBA3D418B7A69900351148 /* Build configuration list for PBXProject "NSFastEnumeration Example  For Loop" */ = {
			isa = XCConfigurationList;
			buildConfigurations = (
				FCBBA41018B7A69A00351148 /* Debug */,
				FCBBA41118B7A69A00351148 /* Release */,
			);
			defaultConfigurationIsVisible = 0;
			defaultConfigurationName = Release;
		};
		FCBBA41218B7A69A00351148 /* Build configuration list for PBXNativeTarget "NSFastEnumeration Example  For Loop" */ = {
			isa = XCConfigurationList;
			buildConfigurations = (
				FCBBA41318B7A69A00351148 /* Debug */,
				FCBBA41418B7A69A00351148 /* Release */,
			);
			defaultConfigurationIsVisible = 0;
			defaultConfigurationName = Release;
		};
		FCBBA41518B7A69A00351148 /* Build configuration list for PBXNativeTarget "NSFastEnumeration Example  For LoopTests" */ = {
			isa = XCConfigurationList;
			buildConfigurations = (
				FCBBA41618B7A69A00351148 /* Debug */,
				FCBBA41718B7A69A00351148 /* Release */,
			);
			defaultConfigurationIsVisible = 0;
			defaultConfigurationName = Release;
		};
/* End XCConfigurationList section */
	};
	rootObject = FCBBA3D118B7A69900351148 /* Project object */;
}
